
Microsoft Visual Studio Solution File, Format Version 12.00
# Visual Studio Version 17
VisualStudioVersion = 17.0.31912.275
MinimumVisualStudioVersion = 10.0.40219.1
Project("{9A19103F-16F7-4668-BE54-9A1E7A4F7556}") = "TownshipTale.Api.Client", "TownshipTale.Api.Client\TownshipTale.Api.Client.csproj", "{DE3EBB7E-2B83-4980-AA69-42695CCD1E02}"
EndProject
Project("{9A19103F-16F7-4668-BE54-9A1E7A4F7556}") = "TownshipTale.Api.Core", "TownshipTale.Api.Core\TownshipTale.Api.Core.csproj", "{A45438E5-3B85-49DE-8F39-13F55FC7FFC0}"
EndProject
Project("{9A19103F-16F7-4668-BE54-9A1E7A4F7556}") = "Test.TownshipTale.Api.Core", "Test.TownshipTale.Api.Core\Test.TownshipTale.Api.Core.csproj", "{6F03772A-436C-4C82-AE37-8DB74969432A}"
EndProject
Global
	GlobalSection(SolutionConfigurationPlatforms) = preSolution
		Debug|Any CPU = Debug|Any CPU
		Release|Any CPU = Release|Any CPU
	EndGlobalSection
	GlobalSection(ProjectConfigurationPlatforms) = postSolution
		{DE3EBB7E-2B83-4980-AA69-42695CCD1E02}.Debug|Any CPU.ActiveCfg = Debug|Any CPU
		{DE3EBB7E-2B83-4980-AA69-42695CCD1E02}.Debug|Any CPU.Build.0 = Debug|Any CPU
		{DE3EBB7E-2B83-4980-AA69-42695CCD1E02}.Release|Any CPU.ActiveCfg = Release|Any CPU
		{DE3EBB7E-2B83-4980-AA69-42695CCD1E02}.Release|Any CPU.Build.0 = Release|Any CPU
		{A45438E5-3B85-49DE-8F39-13F55FC7FFC0}.Debug|Any CPU.ActiveCfg = Debug|Any CPU
		{A45438E5-3B85-49DE-8F39-13F55FC7FFC0}.Debug|Any CPU.Build.0 = Debug|Any CPU
		{A45438E5-3B85-49DE-8F39-13F55FC7FFC0}.Release|Any CPU.ActiveCfg = Release|Any CPU
		{A45438E5-3B85-49DE-8F39-13F55FC7FFC0}.Release|Any CPU.Build.0 = Release|Any CPU
		{6F03772A-436C-4C82-AE37-8DB74969432A}.Debug|Any CPU.ActiveCfg = Debug|Any CPU
		{6F03772A-436C-4C82-AE37-8DB74969432A}.Debug|Any CPU.Build.0 = Debug|Any CPU
		{6F03772A-436C-4C82-AE37-8DB74969432A}.Release|Any CPU.ActiveCfg = Release|Any CPU
		{6F03772A-436C-4C82-AE37-8DB74969432A}.Release|Any CPU.Build.0 = Release|Any CPU
	EndGlobalSection
	GlobalSection(SolutionProperties) = preSolution
		HideSolutionNode = FALSE
	EndGlobalSection
	GlobalSection(ExtensibilityGlobals) = postSolution
		SolutionGuid = {C02D4807-D069-4868-AA91-ECF877998A5F}
	EndGlobalSection
EndGlobal
